// !$*UTF8*$!
{
	archiveVersion = 1;
	classes = {
	};
	objectVersion = 46;
	objects = {

/* Begin PBXBuildFile section */
		EC1632B31BF24C830008D14D /* LLMaskMatrices.mm in Sources */ = {isa = PBXBuildFile; fileRef = EC1632B21BF24C830008D14D /* LLMaskMatrices.mm */; };
		EC33C9671B2C3C82003A3FEE /* LLVideoCameraViewController.m in Sources */ = {isa = PBXBuildFile; fileRef = EC33C9661B2C3C81003A3FEE /* LLVideoCameraViewController.m */; };
		EC6B5ED31A3FE0410051AEBC /* Foundation.framework in Frameworks */ = {isa = PBXBuildFile; fileRef = EC6B5ED21A3FE0410051AEBC /* Foundation.framework */; };
		EC6B5ED51A3FE0410051AEBC /* CoreGraphics.framework in Frameworks */ = {isa = PBXBuildFile; fileRef = EC6B5ED41A3FE0410051AEBC /* CoreGraphics.framework */; };
		EC6B5ED71A3FE0410051AEBC /* UIKit.framework in Frameworks */ = {isa = PBXBuildFile; fileRef = EC6B5ED61A3FE0410051AEBC /* UIKit.framework */; };
		EC6B5EDD1A3FE0410051AEBC /* InfoPlist.strings in Resources */ = {isa = PBXBuildFile; fileRef = EC6B5EDB1A3FE0410051AEBC /* InfoPlist.strings */; };
		EC6B5EDF1A3FE0410051AEBC /* main.m in Sources */ = {isa = PBXBuildFile; fileRef = EC6B5EDE1A3FE0410051AEBC /* main.m */; };
		EC6B5EE31A3FE0410051AEBC /* LLAppDelegate.m in Sources */ = {isa = PBXBuildFile; fileRef = EC6B5EE21A3FE0410051AEBC /* LLAppDelegate.m */; };
		EC6B5EEB1A3FE0410051AEBC /* Images.xcassets in Resources */ = {isa = PBXBuildFile; fileRef = EC6B5EEA1A3FE0410051AEBC /* Images.xcassets */; };
		EC6B5EF21A3FE0410051AEBC /* XCTest.framework in Frameworks */ = {isa = PBXBuildFile; fileRef = EC6B5EF11A3FE0410051AEBC /* XCTest.framework */; };
		EC6B5EF31A3FE0410051AEBC /* Foundation.framework in Frameworks */ = {isa = PBXBuildFile; fileRef = EC6B5ED21A3FE0410051AEBC /* Foundation.framework */; };
		EC6B5EF41A3FE0410051AEBC /* UIKit.framework in Frameworks */ = {isa = PBXBuildFile; fileRef = EC6B5ED61A3FE0410051AEBC /* UIKit.framework */; };
		EC6B5EFC1A3FE0410051AEBC /* InfoPlist.strings in Resources */ = {isa = PBXBuildFile; fileRef = EC6B5EFA1A3FE0410051AEBC /* InfoPlist.strings */; };
		EC6B5EFE1A3FE0410051AEBC /* HelloOpenCVTests.m in Sources */ = {isa = PBXBuildFile; fileRef = EC6B5EFD1A3FE0410051AEBC /* HelloOpenCVTests.m */; };
		EC6B5F081A3FE0940051AEBC /* opencv2.framework in Frameworks */ = {isa = PBXBuildFile; fileRef = EC6B5F071A3FE0940051AEBC /* opencv2.framework */; };
		EC6B5F0A1A40034F0051AEBC /* AVFoundation.framework in Frameworks */ = {isa = PBXBuildFile; fileRef = EC6B5F091A40034F0051AEBC /* AVFoundation.framework */; };
		EC6B5F0E1A40037B0051AEBC /* CoreMedia.framework in Frameworks */ = {isa = PBXBuildFile; fileRef = EC6B5F0D1A40037B0051AEBC /* CoreMedia.framework */; };
		EC6B5F101A40038F0051AEBC /* AssetsLibrary.framework in Frameworks */ = {isa = PBXBuildFile; fileRef = EC6B5F0F1A40038F0051AEBC /* AssetsLibrary.framework */; };
		EC6B5F331A4012BA0051AEBC /* imgfeatures.c in Sources */ = {isa = PBXBuildFile; fileRef = EC6B5F271A4012BA0051AEBC /* imgfeatures.c */; };
		EC6B5F341A4012BA0051AEBC /* kdtree.c in Sources */ = {isa = PBXBuildFile; fileRef = EC6B5F291A4012BA0051AEBC /* kdtree.c */; };
		EC6B5F351A4012BA0051AEBC /* minpq.c in Sources */ = {isa = PBXBuildFile; fileRef = EC6B5F2B1A4012BA0051AEBC /* minpq.c */; };
		EC6B5F361A4012BA0051AEBC /* sift.c in Sources */ = {isa = PBXBuildFile; fileRef = EC6B5F2D1A4012BA0051AEBC /* sift.c */; };
		EC6B5F371A4012BA0051AEBC /* utils.c in Sources */ = {isa = PBXBuildFile; fileRef = EC6B5F2F1A4012BA0051AEBC /* utils.c */; };
		EC6B5F381A4012BA0051AEBC /* xform.c in Sources */ = {isa = PBXBuildFile; fileRef = EC6B5F311A4012BA0051AEBC /* xform.c */; };
		EC6B5F3E1A4031060051AEBC /* OpenSift.m in Sources */ = {isa = PBXBuildFile; fileRef = EC6B5F3D1A4031060051AEBC /* OpenSift.m */; };
		EC6B5F461A41725A0051AEBC /* wote.cpp in Sources */ = {isa = PBXBuildFile; fileRef = EC6B5F441A41725A0051AEBC /* wote.cpp */; };
		ECC1269A1B8A00CE00FC1218 /* LLNavigationBar.m in Sources */ = {isa = PBXBuildFile; fileRef = ECC126991B8A00CE00FC1218 /* LLNavigationBar.m */; };
		ECD4DF061B496CDB00F82124 /* LLPhotoCell.m in Sources */ = {isa = PBXBuildFile; fileRef = ECD4DEFF1B496CDB00F82124 /* LLPhotoCell.m */; };
		ECD4DF071B496CDB00F82124 /* LLPhotoModel.m in Sources */ = {isa = PBXBuildFile; fileRef = ECD4DF011B496CDB00F82124 /* LLPhotoModel.m */; };
		ECD4DF081B496CDB00F82124 /* LLPhotosStore.m in Sources */ = {isa = PBXBuildFile; fileRef = ECD4DF031B496CDB00F82124 /* LLPhotosStore.m */; };
		ECD4DF091B496CDB00F82124 /* LLPhotosViewController.m in Sources */ = {isa = PBXBuildFile; fileRef = ECD4DF051B496CDB00F82124 /* LLPhotosViewController.m */; };
		ECE61B7F1A68B56F0025ADAF /* example.png in Resources */ = {isa = PBXBuildFile; fileRef = ECE61B7E1A68B56F0025ADAF /* example.png */; };
		ECE61B811A68F9200025ADAF /* example.jpg in Resources */ = {isa = PBXBuildFile; fileRef = ECE61B801A68F9200025ADAF /* example.jpg */; };
		ECE61B871A68FD8B0025ADAF /* UIImage+CVMat.mm in Sources */ = {isa = PBXBuildFile; fileRef = ECE61B861A68FD8B0025ADAF /* UIImage+CVMat.mm */; };
		ECE61B8D1A6913220025ADAF /* imageName1.png in Resources */ = {isa = PBXBuildFile; fileRef = ECE61B8B1A6913220025ADAF /* imageName1.png */; };
		ECE61B8E1A6913220025ADAF /* imageName2.png in Resources */ = {isa = PBXBuildFile; fileRef = ECE61B8C1A6913220025ADAF /* imageName2.png */; };
		ECEFB82D1C147B9D0027FBEA /* LLFilterResultViewController.m in Sources */ = {isa = PBXBuildFile; fileRef = ECEFB8281C147B9D0027FBEA /* LLFilterResultViewController.m */; };
		ECEFB82E1C147B9D0027FBEA /* LLViewController.mm in Sources */ = {isa = PBXBuildFile; fileRef = ECEFB82A1C147B9D0027FBEA /* LLViewController.mm */; };
		ECEFB82F1C147B9D0027FBEA /* UIImage+Util.m in Sources */ = {isa = PBXBuildFile; fileRef = ECEFB82C1C147B9D0027FBEA /* UIImage+Util.m */; };
		ECEFB8321C147ECD0027FBEA /* LLBlend.mm in Sources */ = {isa = PBXBuildFile; fileRef = ECEFB8311C147ECD0027FBEA /* LLBlend.mm */; };
		ECEFB8351C148B5B0027FBEA /* LLContrastBrightness.mm in Sources */ = {isa = PBXBuildFile; fileRef = ECEFB8341C148B5B0027FBEA /* LLContrastBrightness.mm */; };
/* End PBXBuildFile section */

/* Begin PBXContainerItemProxy section */
		EC6B5EF51A3FE0410051AEBC /* PBXContainerItemProxy */ = {
			isa = PBXContainerItemProxy;
			containerPortal = EC6B5EC71A3FE0410051AEBC /* Project object */;
			proxyType = 1;
			remoteGlobalIDString = EC6B5ECE1A3FE0410051AEBC;
			remoteInfo = HelloOpenCV;
		};
/* End PBXContainerItemProxy section */

/* Begin PBXFileReference section */
		EC1632B11BF24C830008D14D /* LLMaskMatrices.h */ = {isa = PBXFileReference; fileEncoding = 4; lastKnownFileType = sourcecode.c.h; path = LLMaskMatrices.h; sourceTree = "<group>"; };
		EC1632B21BF24C830008D14D /* LLMaskMatrices.mm */ = {isa = PBXFileReference; fileEncoding = 4; lastKnownFileType = sourcecode.cpp.objcpp; path = LLMaskMatrices.mm; sourceTree = "<group>"; };
		EC33C9651B2C3C81003A3FEE /* LLVideoCameraViewController.h */ = {isa = PBXFileReference; fileEncoding = 4; lastKnownFileType = sourcecode.c.h; path = LLVideoCameraViewController.h; sourceTree = "<group>"; };
		EC33C9661B2C3C81003A3FEE /* LLVideoCameraViewController.m */ = {isa = PBXFileReference; fileEncoding = 4; lastKnownFileType = sourcecode.c.objc; path = LLVideoCameraViewController.m; sourceTree = "<group>"; };
		EC6B5ECF1A3FE0410051AEBC /* HelloOpenCV.app */ = {isa = PBXFileReference; explicitFileType = wrapper.application; includeInIndex = 0; path = HelloOpenCV.app; sourceTree = BUILT_PRODUCTS_DIR; };
		EC6B5ED21A3FE0410051AEBC /* Foundation.framework */ = {isa = PBXFileReference; lastKnownFileType = wrapper.framework; name = Foundation.framework; path = System/Library/Frameworks/Foundation.framework; sourceTree = SDKROOT; };
		EC6B5ED41A3FE0410051AEBC /* CoreGraphics.framework */ = {isa = PBXFileReference; lastKnownFileType = wrapper.framework; name = CoreGraphics.framework; path = System/Library/Frameworks/CoreGraphics.framework; sourceTree = SDKROOT; };
		EC6B5ED61A3FE0410051AEBC /* UIKit.framework */ = {isa = PBXFileReference; lastKnownFileType = wrapper.framework; name = UIKit.framework; path = System/Library/Frameworks/UIKit.framework; sourceTree = SDKROOT; };
		EC6B5EDA1A3FE0410051AEBC /* HelloOpenCV-Info.plist */ = {isa = PBXFileReference; lastKnownFileType = text.plist.xml; path = "HelloOpenCV-Info.plist"; sourceTree = "<group>"; };
		EC6B5EDC1A3FE0410051AEBC /* en */ = {isa = PBXFileReference; lastKnownFileType = text.plist.strings; name = en; path = en.lproj/InfoPlist.strings; sourceTree = "<group>"; };
		EC6B5EDE1A3FE0410051AEBC /* main.m */ = {isa = PBXFileReference; lastKnownFileType = sourcecode.c.objc; path = main.m; sourceTree = "<group>"; };
		EC6B5EE01A3FE0410051AEBC /* HelloOpenCV-Prefix.pch */ = {isa = PBXFileReference; lastKnownFileType = sourcecode.c.h; path = "HelloOpenCV-Prefix.pch"; sourceTree = "<group>"; };
		EC6B5EE11A3FE0410051AEBC /* LLAppDelegate.h */ = {isa = PBXFileReference; lastKnownFileType = sourcecode.c.h; path = LLAppDelegate.h; sourceTree = "<group>"; };
		EC6B5EE21A3FE0410051AEBC /* LLAppDelegate.m */ = {isa = PBXFileReference; lastKnownFileType = sourcecode.c.objc; path = LLAppDelegate.m; sourceTree = "<group>"; };
		EC6B5EEA1A3FE0410051AEBC /* Images.xcassets */ = {isa = PBXFileReference; lastKnownFileType = folder.assetcatalog; path = Images.xcassets; sourceTree = "<group>"; };
		EC6B5EF01A3FE0410051AEBC /* HelloOpenCVTests.xctest */ = {isa = PBXFileReference; explicitFileType = wrapper.cfbundle; includeInIndex = 0; path = HelloOpenCVTests.xctest; sourceTree = BUILT_PRODUCTS_DIR; };
		EC6B5EF11A3FE0410051AEBC /* XCTest.framework */ = {isa = PBXFileReference; lastKnownFileType = wrapper.framework; name = XCTest.framework; path = Library/Frameworks/XCTest.framework; sourceTree = DEVELOPER_DIR; };
		EC6B5EF91A3FE0410051AEBC /* HelloOpenCVTests-Info.plist */ = {isa = PBXFileReference; lastKnownFileType = text.plist.xml; path = "HelloOpenCVTests-Info.plist"; sourceTree = "<group>"; };
		EC6B5EFB1A3FE0410051AEBC /* en */ = {isa = PBXFileReference; lastKnownFileType = text.plist.strings; name = en; path = en.lproj/InfoPlist.strings; sourceTree = "<group>"; };
		EC6B5EFD1A3FE0410051AEBC /* HelloOpenCVTests.m */ = {isa = PBXFileReference; lastKnownFileType = sourcecode.c.objc; path = HelloOpenCVTests.m; sourceTree = "<group>"; };
		EC6B5F071A3FE0940051AEBC /* opencv2.framework */ = {isa = PBXFileReference; lastKnownFileType = wrapper.framework; name = opencv2.framework; path = "../../../opensource/opencv-2.4.10/platforms/ios/framework/opencv2.framework"; sourceTree = "<group>"; };
		EC6B5F091A40034F0051AEBC /* AVFoundation.framework */ = {isa = PBXFileReference; lastKnownFileType = wrapper.framework; name = AVFoundation.framework; path = System/Library/Frameworks/AVFoundation.framework; sourceTree = SDKROOT; };
		EC6B5F0B1A4003670051AEBC /* CoreVideo.framework */ = {isa = PBXFileReference; lastKnownFileType = wrapper.framework; name = CoreVideo.framework; path = System/Library/Frameworks/CoreVideo.framework; sourceTree = SDKROOT; };
		EC6B5F0D1A40037B0051AEBC /* CoreMedia.framework */ = {isa = PBXFileReference; lastKnownFileType = wrapper.framework; name = CoreMedia.framework; path = System/Library/Frameworks/CoreMedia.framework; sourceTree = SDKROOT; };
		EC6B5F0F1A40038F0051AEBC /* AssetsLibrary.framework */ = {isa = PBXFileReference; lastKnownFileType = wrapper.framework; name = AssetsLibrary.framework; path = System/Library/Frameworks/AssetsLibrary.framework; sourceTree = SDKROOT; };
		EC6B5F271A4012BA0051AEBC /* imgfeatures.c */ = {isa = PBXFileReference; fileEncoding = 4; lastKnownFileType = sourcecode.c.c; path = imgfeatures.c; sourceTree = "<group>"; };
		EC6B5F281A4012BA0051AEBC /* imgfeatures.h */ = {isa = PBXFileReference; fileEncoding = 4; lastKnownFileType = sourcecode.c.h; path = imgfeatures.h; sourceTree = "<group>"; };
		EC6B5F291A4012BA0051AEBC /* kdtree.c */ = {isa = PBXFileReference; fileEncoding = 4; lastKnownFileType = sourcecode.c.c; path = kdtree.c; sourceTree = "<group>"; };
		EC6B5F2A1A4012BA0051AEBC /* kdtree.h */ = {isa = PBXFileReference; fileEncoding = 4; lastKnownFileType = sourcecode.c.h; path = kdtree.h; sourceTree = "<group>"; };
		EC6B5F2B1A4012BA0051AEBC /* minpq.c */ = {isa = PBXFileReference; fileEncoding = 4; lastKnownFileType = sourcecode.c.c; path = minpq.c; sourceTree = "<group>"; };
		EC6B5F2C1A4012BA0051AEBC /* minpq.h */ = {isa = PBXFileReference; fileEncoding = 4; lastKnownFileType = sourcecode.c.h; path = minpq.h; sourceTree = "<group>"; };
		EC6B5F2D1A4012BA0051AEBC /* sift.c */ = {isa = PBXFileReference; fileEncoding = 4; lastKnownFileType = sourcecode.c.c; path = sift.c; sourceTree = "<group>"; };
		EC6B5F2E1A4012BA0051AEBC /* sift.h */ = {isa = PBXFileReference; fileEncoding = 4; lastKnownFileType = sourcecode.c.h; path = sift.h; sourceTree = "<group>"; };
		EC6B5F2F1A4012BA0051AEBC /* utils.c */ = {isa = PBXFileReference; fileEncoding = 4; lastKnownFileType = sourcecode.c.c; path = utils.c; sourceTree = "<group>"; };
		EC6B5F301A4012BA0051AEBC /* utils.h */ = {isa = PBXFileReference; fileEncoding = 4; lastKnownFileType = sourcecode.c.h; path = utils.h; sourceTree = "<group>"; };
		EC6B5F311A4012BA0051AEBC /* xform.c */ = {isa = PBXFileReference; fileEncoding = 4; lastKnownFileType = sourcecode.c.c; path = xform.c; sourceTree = "<group>"; };
		EC6B5F321A4012BA0051AEBC /* xform.h */ = {isa = PBXFileReference; fileEncoding = 4; lastKnownFileType = sourcecode.c.h; path = xform.h; sourceTree = "<group>"; };
		EC6B5F3C1A4031060051AEBC /* OpenSift.h */ = {isa = PBXFileReference; fileEncoding = 4; lastKnownFileType = sourcecode.c.h; path = OpenSift.h; sourceTree = "<group>"; };
		EC6B5F3D1A4031060051AEBC /* OpenSift.m */ = {isa = PBXFileReference; fileEncoding = 4; lastKnownFileType = sourcecode.c.objc; path = OpenSift.m; sourceTree = "<group>"; };
		EC6B5F441A41725A0051AEBC /* wote.cpp */ = {isa = PBXFileReference; fileEncoding = 4; lastKnownFileType = sourcecode.cpp.cpp; path = wote.cpp; sourceTree = "<group>"; };
		EC6B5F451A41725A0051AEBC /* wote.h */ = {isa = PBXFileReference; fileEncoding = 4; lastKnownFileType = sourcecode.c.h; path = wote.h; sourceTree = "<group>"; };
		ECC126981B8A00CE00FC1218 /* LLNavigationBar.h */ = {isa = PBXFileReference; fileEncoding = 4; lastKnownFileType = sourcecode.c.h; path = LLNavigationBar.h; sourceTree = "<group>"; };
		ECC126991B8A00CE00FC1218 /* LLNavigationBar.m */ = {isa = PBXFileReference; fileEncoding = 4; lastKnownFileType = sourcecode.c.objc; path = LLNavigationBar.m; sourceTree = "<group>"; };
		ECD4DEFE1B496CDB00F82124 /* LLPhotoCell.h */ = {isa = PBXFileReference; fileEncoding = 4; lastKnownFileType = sourcecode.c.h; path = LLPhotoCell.h; sourceTree = "<group>"; };
		ECD4DEFF1B496CDB00F82124 /* LLPhotoCell.m */ = {isa = PBXFileReference; fileEncoding = 4; lastKnownFileType = sourcecode.c.objc; path = LLPhotoCell.m; sourceTree = "<group>"; };
		ECD4DF001B496CDB00F82124 /* LLPhotoModel.h */ = {isa = PBXFileReference; fileEncoding = 4; lastKnownFileType = sourcecode.c.h; path = LLPhotoModel.h; sourceTree = "<group>"; };
		ECD4DF011B496CDB00F82124 /* LLPhotoModel.m */ = {isa = PBXFileReference; fileEncoding = 4; lastKnownFileType = sourcecode.c.objc; path = LLPhotoModel.m; sourceTree = "<group>"; };
		ECD4DF021B496CDB00F82124 /* LLPhotosStore.h */ = {isa = PBXFileReference; fileEncoding = 4; lastKnownFileType = sourcecode.c.h; path = LLPhotosStore.h; sourceTree = "<group>"; };
		ECD4DF031B496CDB00F82124 /* LLPhotosStore.m */ = {isa = PBXFileReference; fileEncoding = 4; lastKnownFileType = sourcecode.c.objc; path = LLPhotosStore.m; sourceTree = "<group>"; };
		ECD4DF041B496CDB00F82124 /* LLPhotosViewController.h */ = {isa = PBXFileReference; fileEncoding = 4; lastKnownFileType = sourcecode.c.h; path = LLPhotosViewController.h; sourceTree = "<group>"; };
		ECD4DF051B496CDB00F82124 /* LLPhotosViewController.m */ = {isa = PBXFileReference; fileEncoding = 4; lastKnownFileType = sourcecode.c.objc; path = LLPhotosViewController.m; sourceTree = "<group>"; };
		ECE61B7E1A68B56F0025ADAF /* example.png */ = {isa = PBXFileReference; lastKnownFileType = image.png; path = example.png; sourceTree = "<group>"; };
		ECE61B801A68F9200025ADAF /* example.jpg */ = {isa = PBXFileReference; lastKnownFileType = image.jpeg; path = example.jpg; sourceTree = "<group>"; };
		ECE61B851A68FD8B0025ADAF /* UIImage+CVMat.h */ = {isa = PBXFileReference; fileEncoding = 4; lastKnownFileType = sourcecode.c.h; path = "UIImage+CVMat.h"; sourceTree = "<group>"; };
		ECE61B861A68FD8B0025ADAF /* UIImage+CVMat.mm */ = {isa = PBXFileReference; fileEncoding = 4; lastKnownFileType = sourcecode.cpp.objcpp; path = "UIImage+CVMat.mm"; sourceTree = "<group>"; };
		ECE61B8B1A6913220025ADAF /* imageName1.png */ = {isa = PBXFileReference; lastKnownFileType = image.png; path = imageName1.png; sourceTree = "<group>"; };
		ECE61B8C1A6913220025ADAF /* imageName2.png */ = {isa = PBXFileReference; lastKnownFileType = image.png; path = imageName2.png; sourceTree = "<group>"; };
		ECEFB8271C147B9D0027FBEA /* LLFilterResultViewController.h */ = {isa = PBXFileReference; fileEncoding = 4; lastKnownFileType = sourcecode.c.h; path = LLFilterResultViewController.h; sourceTree = "<group>"; };
		ECEFB8281C147B9D0027FBEA /* LLFilterResultViewController.m */ = {isa = PBXFileReference; fileEncoding = 4; lastKnownFileType = sourcecode.c.objc; path = LLFilterResultViewController.m; sourceTree = "<group>"; };
		ECEFB8291C147B9D0027FBEA /* LLViewController.h */ = {isa = PBXFileReference; fileEncoding = 4; lastKnownFileType = sourcecode.c.h; path = LLViewController.h; sourceTree = "<group>"; };
		ECEFB82A1C147B9D0027FBEA /* LLViewController.mm */ = {isa = PBXFileReference; fileEncoding = 4; lastKnownFileType = sourcecode.cpp.objcpp; path = LLViewController.mm; sourceTree = "<group>"; };
		ECEFB82B1C147B9D0027FBEA /* UIImage+Util.h */ = {isa = PBXFileReference; fileEncoding = 4; lastKnownFileType = sourcecode.c.h; path = "UIImage+Util.h"; sourceTree = "<group>"; };
		ECEFB82C1C147B9D0027FBEA /* UIImage+Util.m */ = {isa = PBXFileReference; fileEncoding = 4; lastKnownFileType = sourcecode.c.objc; path = "UIImage+Util.m"; sourceTree = "<group>"; };
		ECEFB8301C147ECD0027FBEA /* LLBlend.h */ = {isa = PBXFileReference; fileEncoding = 4; lastKnownFileType = sourcecode.c.h; path = LLBlend.h; sourceTree = "<group>"; };
		ECEFB8311C147ECD0027FBEA /* LLBlend.mm */ = {isa = PBXFileReference; fileEncoding = 4; lastKnownFileType = sourcecode.cpp.objcpp; path = LLBlend.mm; sourceTree = "<group>"; };
		ECEFB8331C148B5B0027FBEA /* LLContrastBrightness.h */ = {isa = PBXFileReference; fileEncoding = 4; lastKnownFileType = sourcecode.c.h; path = LLContrastBrightness.h; sourceTree = "<group>"; };
		ECEFB8341C148B5B0027FBEA /* LLContrastBrightness.mm */ = {isa = PBXFileReference; fileEncoding = 4; lastKnownFileType = sourcecode.cpp.objcpp; path = LLContrastBrightness.mm; sourceTree = "<group>"; };
/* End PBXFileReference section */

/* Begin PBXFrameworksBuildPhase section */
		EC6B5ECC1A3FE0410051AEBC /* Frameworks */ = {
			isa = PBXFrameworksBuildPhase;
			buildActionMask = 2147483647;
			files = (
				EC6B5F101A40038F0051AEBC /* AssetsLibrary.framework in Frameworks */,
				EC6B5F0E1A40037B0051AEBC /* CoreMedia.framework in Frameworks */,
				EC6B5F0A1A40034F0051AEBC /* AVFoundation.framework in Frameworks */,
				EC6B5F081A3FE0940051AEBC /* opencv2.framework in Frameworks */,
				EC6B5ED51A3FE0410051AEBC /* CoreGraphics.framework in Frameworks */,
				EC6B5ED71A3FE0410051AEBC /* UIKit.framework in Frameworks */,
				EC6B5ED31A3FE0410051AEBC /* Foundation.framework in Frameworks */,
			);
			runOnlyForDeploymentPostprocessing = 0;
		};
		EC6B5EED1A3FE0410051AEBC /* Frameworks */ = {
			isa = PBXFrameworksBuildPhase;
			buildActionMask = 2147483647;
			files = (
				EC6B5EF21A3FE0410051AEBC /* XCTest.framework in Frameworks */,
				EC6B5EF41A3FE0410051AEBC /* UIKit.framework in Frameworks */,
				EC6B5EF31A3FE0410051AEBC /* Foundation.framework in Frameworks */,
			);
			runOnlyForDeploymentPostprocessing = 0;
		};
/* End PBXFrameworksBuildPhase section */

/* Begin PBXGroup section */
		EC60CA061A67D5D200FAE7DC /* OpenCVExamples */ = {
			isa = PBXGroup;
			children = (
				ECE61B851A68FD8B0025ADAF /* UIImage+CVMat.h */,
				ECE61B861A68FD8B0025ADAF /* UIImage+CVMat.mm */,
				EC1632B11BF24C830008D14D /* LLMaskMatrices.h */,
				EC1632B21BF24C830008D14D /* LLMaskMatrices.mm */,
				ECEFB8301C147ECD0027FBEA /* LLBlend.h */,
				ECEFB8311C147ECD0027FBEA /* LLBlend.mm */,
				ECEFB8331C148B5B0027FBEA /* LLContrastBrightness.h */,
				ECEFB8341C148B5B0027FBEA /* LLContrastBrightness.mm */,
			);
			path = OpenCVExamples;
			sourceTree = "<group>";
		};
		EC6B5EC61A3FE0410051AEBC = {
			isa = PBXGroup;
			children = (
				EC6B5ED81A3FE0410051AEBC /* HelloOpenCV */,
				EC6B5EF71A3FE0410051AEBC /* HelloOpenCVTests */,
				EC6B5ED11A3FE0410051AEBC /* Frameworks */,
				EC6B5ED01A3FE0410051AEBC /* Products */,
			);
			sourceTree = "<group>";
		};
		EC6B5ED01A3FE0410051AEBC /* Products */ = {
			isa = PBXGroup;
			children = (
				EC6B5ECF1A3FE0410051AEBC /* HelloOpenCV.app */,
				EC6B5EF01A3FE0410051AEBC /* HelloOpenCVTests.xctest */,
			);
			name = Products;
			sourceTree = "<group>";
		};
		EC6B5ED11A3FE0410051AEBC /* Frameworks */ = {
			isa = PBXGroup;
			children = (
				EC6B5F0F1A40038F0051AEBC /* AssetsLibrary.framework */,
				EC6B5F0D1A40037B0051AEBC /* CoreMedia.framework */,
				EC6B5F0B1A4003670051AEBC /* CoreVideo.framework */,
				EC6B5F091A40034F0051AEBC /* AVFoundation.framework */,
				EC6B5F071A3FE0940051AEBC /* opencv2.framework */,
				EC6B5ED21A3FE0410051AEBC /* Foundation.framework */,
				EC6B5ED41A3FE0410051AEBC /* CoreGraphics.framework */,
				EC6B5ED61A3FE0410051AEBC /* UIKit.framework */,
				EC6B5EF11A3FE0410051AEBC /* XCTest.framework */,
			);
			name = Frameworks;
			sourceTree = "<group>";
		};
		EC6B5ED81A3FE0410051AEBC /* HelloOpenCV */ = {
			isa = PBXGroup;
			children = (
				ECC126961B8A00A400FC1218 /* Framework */,
				ECD4DEFD1B496CDB00F82124 /* Photo */,
				ECE61B7D1A68B56F0025ADAF /* Resources */,
				EC60CA061A67D5D200FAE7DC /* OpenCVExamples */,
				EC6B5F431A41725A0051AEBC /* openfingerprint */,
				EC6B5F261A4012BA0051AEBC /* opensift */,
				EC33C9651B2C3C81003A3FEE /* LLVideoCameraViewController.h */,
				EC33C9661B2C3C81003A3FEE /* LLVideoCameraViewController.m */,
				EC6B5EE11A3FE0410051AEBC /* LLAppDelegate.h */,
				EC6B5EE21A3FE0410051AEBC /* LLAppDelegate.m */,
				EC6B5EEA1A3FE0410051AEBC /* Images.xcassets */,
				EC6B5ED91A3FE0410051AEBC /* Supporting Files */,
			);
			path = HelloOpenCV;
			sourceTree = "<group>";
		};
		EC6B5ED91A3FE0410051AEBC /* Supporting Files */ = {
			isa = PBXGroup;
			children = (
				EC6B5EDA1A3FE0410051AEBC /* HelloOpenCV-Info.plist */,
				EC6B5EDB1A3FE0410051AEBC /* InfoPlist.strings */,
				EC6B5EDE1A3FE0410051AEBC /* main.m */,
				EC6B5EE01A3FE0410051AEBC /* HelloOpenCV-Prefix.pch */,
			);
			name = "Supporting Files";
			sourceTree = "<group>";
		};
		EC6B5EF71A3FE0410051AEBC /* HelloOpenCVTests */ = {
			isa = PBXGroup;
			children = (
				EC6B5EFD1A3FE0410051AEBC /* HelloOpenCVTests.m */,
				EC6B5EF81A3FE0410051AEBC /* Supporting Files */,
			);
			path = HelloOpenCVTests;
			sourceTree = "<group>";
		};
		EC6B5EF81A3FE0410051AEBC /* Supporting Files */ = {
			isa = PBXGroup;
			children = (
				EC6B5EF91A3FE0410051AEBC /* HelloOpenCVTests-Info.plist */,
				EC6B5EFA1A3FE0410051AEBC /* InfoPlist.strings */,
			);
			name = "Supporting Files";
			sourceTree = "<group>";
		};
		EC6B5F261A4012BA0051AEBC /* opensift */ = {
			isa = PBXGroup;
			children = (
				EC6B5F271A4012BA0051AEBC /* imgfeatures.c */,
				EC6B5F281A4012BA0051AEBC /* imgfeatures.h */,
				EC6B5F291A4012BA0051AEBC /* kdtree.c */,
				EC6B5F2A1A4012BA0051AEBC /* kdtree.h */,
				EC6B5F2B1A4012BA0051AEBC /* minpq.c */,
				EC6B5F2C1A4012BA0051AEBC /* minpq.h */,
				EC6B5F2D1A4012BA0051AEBC /* sift.c */,
				EC6B5F2E1A4012BA0051AEBC /* sift.h */,
				EC6B5F2F1A4012BA0051AEBC /* utils.c */,
				EC6B5F301A4012BA0051AEBC /* utils.h */,
				EC6B5F311A4012BA0051AEBC /* xform.c */,
				EC6B5F321A4012BA0051AEBC /* xform.h */,
				EC6B5F3C1A4031060051AEBC /* OpenSift.h */,
				EC6B5F3D1A4031060051AEBC /* OpenSift.m */,
			);
			path = opensift;
			sourceTree = "<group>";
		};
		EC6B5F431A41725A0051AEBC /* openfingerprint */ = {
			isa = PBXGroup;
			children = (
				EC6B5F441A41725A0051AEBC /* wote.cpp */,
				EC6B5F451A41725A0051AEBC /* wote.h */,
			);
			path = openfingerprint;
			sourceTree = "<group>";
		};
		ECC126961B8A00A400FC1218 /* Framework */ = {
			isa = PBXGroup;
			children = (
				ECC126971B8A00A400FC1218 /* View */,
			);
			path = Framework;
			sourceTree = "<group>";
		};
		ECC126971B8A00A400FC1218 /* View */ = {
			isa = PBXGroup;
			children = (
				ECC126981B8A00CE00FC1218 /* LLNavigationBar.h */,
				ECC126991B8A00CE00FC1218 /* LLNavigationBar.m */,
			);
			path = View;
			sourceTree = "<group>";
		};
		ECD4DEFD1B496CDB00F82124 /* Photo */ = {
			isa = PBXGroup;
			children = (
				ECEFB8271C147B9D0027FBEA /* LLFilterResultViewController.h */,
				ECEFB8281C147B9D0027FBEA /* LLFilterResultViewController.m */,
				ECEFB8291C147B9D0027FBEA /* LLViewController.h */,
				ECEFB82A1C147B9D0027FBEA /* LLViewController.mm */,
				ECEFB82B1C147B9D0027FBEA /* UIImage+Util.h */,
				ECEFB82C1C147B9D0027FBEA /* UIImage+Util.m */,
				ECD4DEFE1B496CDB00F82124 /* LLPhotoCell.h */,
				ECD4DEFF1B496CDB00F82124 /* LLPhotoCell.m */,
				ECD4DF001B496CDB00F82124 /* LLPhotoModel.h */,
				ECD4DF011B496CDB00F82124 /* LLPhotoModel.m */,
				ECD4DF021B496CDB00F82124 /* LLPhotosStore.h */,
				ECD4DF031B496CDB00F82124 /* LLPhotosStore.m */,
				ECD4DF041B496CDB00F82124 /* LLPhotosViewController.h */,
				ECD4DF051B496CDB00F82124 /* LLPhotosViewController.m */,
			);
			path = Photo;
			sourceTree = "<group>";
		};
		ECE61B7D1A68B56F0025ADAF /* Resources */ = {
			isa = PBXGroup;
			children = (
				ECE61B8B1A6913220025ADAF /* imageName1.png */,
				ECE61B8C1A6913220025ADAF /* imageName2.png */,
				ECE61B801A68F9200025ADAF /* example.jpg */,
				ECE61B7E1A68B56F0025ADAF /* example.png */,
			);
			path = Resources;
			sourceTree = "<group>";
		};
/* End PBXGroup section */

/* Begin PBXNativeTarget section */
		EC6B5ECE1A3FE0410051AEBC /* HelloOpenCV */ = {
			isa = PBXNativeTarget;
			buildConfigurationList = EC6B5F011A3FE0410051AEBC /* Build configuration list for PBXNativeTarget "HelloOpenCV" */;
			buildPhases = (
				EC6B5ECB1A3FE0410051AEBC /* Sources */,
				EC6B5ECC1A3FE0410051AEBC /* Frameworks */,
				EC6B5ECD1A3FE0410051AEBC /* Resources */,
			);
			buildRules = (
			);
			dependencies = (
			);
			name = HelloOpenCV;
			productName = HelloOpenCV;
			productReference = EC6B5ECF1A3FE0410051AEBC /* HelloOpenCV.app */;
			productType = "com.apple.product-type.application";
		};
		EC6B5EEF1A3FE0410051AEBC /* HelloOpenCVTests */ = {
			isa = PBXNativeTarget;
			buildConfigurationList = EC6B5F041A3FE0410051AEBC /* Build configuration list for PBXNativeTarget "HelloOpenCVTests" */;
			buildPhases = (
				EC6B5EEC1A3FE0410051AEBC /* Sources */,
				EC6B5EED1A3FE0410051AEBC /* Frameworks */,
				EC6B5EEE1A3FE0410051AEBC /* Resources */,
			);
			buildRules = (
			);
			dependencies = (
				EC6B5EF61A3FE0410051AEBC /* PBXTargetDependency */,
			);
			name = HelloOpenCVTests;
			productName = HelloOpenCVTests;
			productReference = EC6B5EF01A3FE0410051AEBC /* HelloOpenCVTests.xctest */;
			productType = "com.apple.product-type.bundle.unit-test";
		};
/* End PBXNativeTarget section */

/* Begin PBXProject section */
		EC6B5EC71A3FE0410051AEBC /* Project object */ = {
			isa = PBXProject;
			attributes = {
				CLASSPREFIX = LL;
				LastUpgradeCheck = 0510;
				ORGANIZATIONNAME = Tina;
				TargetAttributes = {
					EC6B5EEF1A3FE0410051AEBC = {
						TestTargetID = EC6B5ECE1A3FE0410051AEBC;
					};
				};
			};
			buildConfigurationList = EC6B5ECA1A3FE0410051AEBC /* Build configuration list for PBXProject "HelloOpenCV" */;
			compatibilityVersion = "Xcode 3.2";
			developmentRegion = English;
			hasScannedForEncodings = 0;
			knownRegions = (
				en,
				Base,
			);
			mainGroup = EC6B5EC61A3FE0410051AEBC;
			productRefGroup = EC6B5ED01A3FE0410051AEBC /* Products */;
			projectDirPath = "";
			projectRoot = "";
			targets = (
				EC6B5ECE1A3FE0410051AEBC /* HelloOpenCV */,
				EC6B5EEF1A3FE0410051AEBC /* HelloOpenCVTests */,
			);
		};
/* End PBXProject section */

/* Begin PBXResourcesBuildPhase section */
		EC6B5ECD1A3FE0410051AEBC /* Resources */ = {
			isa = PBXResourcesBuildPhase;
			buildActionMask = 2147483647;
			files = (
				ECE61B8E1A6913220025ADAF /* imageName2.png in Resources */,
				EC6B5EEB1A3FE0410051AEBC /* Images.xcassets in Resources */,
				ECE61B811A68F9200025ADAF /* example.jpg in Resources */,
				EC6B5EDD1A3FE0410051AEBC /* InfoPlist.strings in Resources */,
				ECE61B7F1A68B56F0025ADAF /* example.png in Resources */,
				ECE61B8D1A6913220025ADAF /* imageName1.png in Resources */,
			);
			runOnlyForDeploymentPostprocessing = 0;
		};
		EC6B5EEE1A3FE0410051AEBC /* Resources */ = {
			isa = PBXResourcesBuildPhase;
			buildActionMask = 2147483647;
			files = (
				EC6B5EFC1A3FE0410051AEBC /* InfoPlist.strings in Resources */,
			);
			runOnlyForDeploymentPostprocessing = 0;
		};
/* End PBXResourcesBuildPhase section */

/* Begin PBXSourcesBuildPhase section */
		EC6B5ECB1A3FE0410051AEBC /* Sources */ = {
			isa = PBXSourcesBuildPhase;
			buildActionMask = 2147483647;
			files = (
				ECD4DF061B496CDB00F82124 /* LLPhotoCell.m in Sources */,
				EC6B5F381A4012BA0051AEBC /* xform.c in Sources */,
				ECD4DF071B496CDB00F82124 /* LLPhotoModel.m in Sources */,
				ECEFB8351C148B5B0027FBEA /* LLContrastBrightness.mm in Sources */,
				EC6B5EE31A3FE0410051AEBC /* LLAppDelegate.m in Sources */,
				EC6B5F371A4012BA0051AEBC /* utils.c in Sources */,
				ECC1269A1B8A00CE00FC1218 /* LLNavigationBar.m in Sources */,
				ECEFB82D1C147B9D0027FBEA /* LLFilterResultViewController.m in Sources */,
				ECEFB82F1C147B9D0027FBEA /* UIImage+Util.m in Sources */,
				EC1632B31BF24C830008D14D /* LLMaskMatrices.mm in Sources */,
				ECD4DF091B496CDB00F82124 /* LLPhotosViewController.m in Sources */,
				EC6B5EDF1A3FE0410051AEBC /* main.m in Sources */,
				EC6B5F361A4012BA0051AEBC /* sift.c in Sources */,
				EC6B5F461A41725A0051AEBC /* wote.cpp in Sources */,
				EC6B5F331A4012BA0051AEBC /* imgfeatures.c in Sources */,
				EC33C9671B2C3C82003A3FEE /* LLVideoCameraViewController.m in Sources */,
				EC6B5F351A4012BA0051AEBC /* minpq.c in Sources */,
				ECEFB8321C147ECD0027FBEA /* LLBlend.mm in Sources */,
				EC6B5F341A4012BA0051AEBC /* kdtree.c in Sources */,
				ECD4DF081B496CDB00F82124 /* LLPhotosStore.m in Sources */,
				EC6B5F3E1A4031060051AEBC /* OpenSift.m in Sources */,
				ECEFB82E1C147B9D0027FBEA /* LLViewController.mm in Sources */,
				ECE61B871A68FD8B0025ADAF /* UIImage+CVMat.mm in Sources */,
			);
			runOnlyForDeploymentPostprocessing = 0;
		};
		EC6B5EEC1A3FE0410051AEBC /* Sources */ = {
			isa = PBXSourcesBuildPhase;
			buildActionMask = 2147483647;
			files = (
				EC6B5EFE1A3FE0410051AEBC /* HelloOpenCVTests.m in Sources */,
			);
			runOnlyForDeploymentPostprocessing = 0;
		};
/* End PBXSourcesBuildPhase section */

/* Begin PBXTargetDependency section */
		EC6B5EF61A3FE0410051AEBC /* PBXTargetDependency */ = {
			isa = PBXTargetDependency;
			target = EC6B5ECE1A3FE0410051AEBC /* HelloOpenCV */;
			targetProxy = EC6B5EF51A3FE0410051AEBC /* PBXContainerItemProxy */;
		};
/* End PBXTargetDependency section */

/* Begin PBXVariantGroup section */
		EC6B5EDB1A3FE0410051AEBC /* InfoPlist.strings */ = {
			isa = PBXVariantGroup;
			children = (
				EC6B5EDC1A3FE0410051AEBC /* en */,
			);
			name = InfoPlist.strings;
			sourceTree = "<group>";
		};
		EC6B5EFA1A3FE0410051AEBC /* InfoPlist.strings */ = {
			isa = PBXVariantGroup;
			children = (
				EC6B5EFB1A3FE0410051AEBC /* en */,
			);
			name = InfoPlist.strings;
			sourceTree = "<group>";
		};
/* End PBXVariantGroup section */

/* Begin XCBuildConfiguration section */
		EC6B5EFF1A3FE0410051AEBC /* Debug */ = {
			isa = XCBuildConfiguration;
			buildSettings = {
				ALWAYS_SEARCH_USER_PATHS = NO;
				CLANG_CXX_LANGUAGE_STANDARD = "gnu++0x";
				CLANG_CXX_LIBRARY = "libc++";
				CLANG_ENABLE_MODULES = YES;
				CLANG_ENABLE_OBJC_ARC = YES;
				CLANG_WARN_BOOL_CONVERSION = YES;
				CLANG_WARN_CONSTANT_CONVERSION = YES;
				CLANG_WARN_DIRECT_OBJC_ISA_USAGE = YES_ERROR;
				CLANG_WARN_EMPTY_BODY = YES;
				CLANG_WARN_ENUM_CONVERSION = YES;
				CLANG_WARN_INT_CONVERSION = YES;
				CLANG_WARN_OBJC_ROOT_CLASS = YES_ERROR;
				CLANG_WARN__DUPLICATE_METHOD_MATCH = YES;
				"CODE_SIGN_IDENTITY[sdk=iphoneos*]" = "iPhone Developer";
				COPY_PHASE_STRIP = NO;
				GCC_C_LANGUAGE_STANDARD = gnu99;
				GCC_DYNAMIC_NO_PIC = NO;
				GCC_OPTIMIZATION_LEVEL = 0;
				GCC_PREPROCESSOR_DEFINITIONS = (
					"DEBUG=1",
					"$(inherited)",
				);
				GCC_SYMBOLS_PRIVATE_EXTERN = NO;
				GCC_WARN_64_TO_32_BIT_CONVERSION = YES;
				GCC_WARN_ABOUT_RETURN_TYPE = YES_ERROR;
				GCC_WARN_UNDECLARED_SELECTOR = YES;
				GCC_WARN_UNINITIALIZED_AUTOS = YES_AGGRESSIVE;
				GCC_WARN_UNUSED_FUNCTION = YES;
				GCC_WARN_UNUSED_VARIABLE = YES;
				IPHONEOS_DEPLOYMENT_TARGET = 7.1;
				ONLY_ACTIVE_ARCH = YES;
				SDKROOT = iphoneos;
			};
			name = Debug;
		};
		EC6B5F001A3FE0410051AEBC /* Release */ = {
			isa = XCBuildConfiguration;
			buildSettings = {
				ALWAYS_SEARCH_USER_PATHS = NO;
				CLANG_CXX_LANGUAGE_STANDARD = "gnu++0x";
				CLANG_CXX_LIBRARY = "libc++";
				CLANG_ENABLE_MODULES = YES;
				CLANG_ENABLE_OBJC_ARC = YES;
				CLANG_WARN_BOOL_CONVERSION = YES;
				CLANG_WARN_CONSTANT_CONVERSION = YES;
				CLANG_WARN_DIRECT_OBJC_ISA_USAGE = YES_ERROR;
				CLANG_WARN_EMPTY_BODY = YES;
				CLANG_WARN_ENUM_CONVERSION = YES;
				CLANG_WARN_INT_CONVERSION = YES;
				CLANG_WARN_OBJC_ROOT_CLASS = YES_ERROR;
				CLANG_WARN__DUPLICATE_METHOD_MATCH = YES;
				"CODE_SIGN_IDENTITY[sdk=iphoneos*]" = "iPhone Developer";
				COPY_PHASE_STRIP = YES;
				ENABLE_NS_ASSERTIONS = NO;
				GCC_C_LANGUAGE_STANDARD = gnu99;
				GCC_WARN_64_TO_32_BIT_CONVERSION = YES;
				GCC_WARN_ABOUT_RETURN_TYPE = YES_ERROR;
				GCC_WARN_UNDECLARED_SELECTOR = YES;
				GCC_WARN_UNINITIALIZED_AUTOS = YES_AGGRESSIVE;
				GCC_WARN_UNUSED_FUNCTION = YES;
				GCC_WARN_UNUSED_VARIABLE = YES;
				IPHONEOS_DEPLOYMENT_TARGET = 7.1;
				SDKROOT = iphoneos;
				VALIDATE_PRODUCT = YES;
			};
			name = Release;
		};
		EC6B5F021A3FE0410051AEBC /* Debug */ = {
			isa = XCBuildConfiguration;
			buildSettings = {
				ASSETCATALOG_COMPILER_APPICON_NAME = AppIcon;
				ASSETCATALOG_COMPILER_LAUNCHIMAGE_NAME = LaunchImage;
				FRAMEWORK_SEARCH_PATHS = (
					"$(inherited)",
					"/Users/liang/Workspace/opensource/opencv-2.4.10/platforms/ios/framework",
				);
				GCC_PRECOMPILE_PREFIX_HEADER = YES;
				GCC_PREFIX_HEADER = "HelloOpenCV/HelloOpenCV-Prefix.pch";
				INFOPLIST_FILE = "HelloOpenCV/HelloOpenCV-Info.plist";
				LIBRARY_SEARCH_PATHS = "$(inherited)";
				PRODUCT_NAME = "$(TARGET_NAME)";
				WRAPPER_EXTENSION = app;
			};
			name = Debug;
		};
		EC6B5F031A3FE0410051AEBC /* Release */ = {
			isa = XCBuildConfiguration;
			buildSettings = {
				ASSETCATALOG_COMPILER_APPICON_NAME = AppIcon;
				ASSETCATALOG_COMPILER_LAUNCHIMAGE_NAME = LaunchImage;
				FRAMEWORK_SEARCH_PATHS = (
					"$(inherited)",
					"/Users/liang/Workspace/opensource/opencv-2.4.10/platforms/ios/framework",
				);
				GCC_PRECOMPILE_PREFIX_HEADER = YES;
				GCC_PREFIX_HEADER = "HelloOpenCV/HelloOpenCV-Prefix.pch";
				INFOPLIST_FILE = "HelloOpenCV/HelloOpenCV-Info.plist";
				LIBRARY_SEARCH_PATHS = "$(inherited)";
				PRODUCT_NAME = "$(TARGET_NAME)";
				WRAPPER_EXTENSION = app;
			};
			name = Release;
		};
		EC6B5F051A3FE0410051AEBC /* Debug */ = {
			isa = XCBuildConfiguration;
			buildSettings = {
				BUNDLE_LOADER = "$(BUILT_PRODUCTS_DIR)/HelloOpenCV.app/HelloOpenCV";
				FRAMEWORK_SEARCH_PATHS = (
					"$(SDKROOT)/Developer/Library/Frameworks",
					"$(inherited)",
					"$(DEVELOPER_FRAMEWORKS_DIR)",
				);
				GCC_PRECOMPILE_PREFIX_HEADER = YES;
				GCC_PREFIX_HEADER = "HelloOpenCV/HelloOpenCV-Prefix.pch";
				GCC_PREPROCESSOR_DEFINITIONS = (
					"DEBUG=1",
					"$(inherited)",
				);
				INFOPLIST_FILE = "HelloOpenCVTests/HelloOpenCVTests-Info.plist";
				PRODUCT_NAME = "$(TARGET_NAME)";
				TEST_HOST = "$(BUNDLE_LOADER)";
				WRAPPER_EXTENSION = xctest;
			};
			name = Debug;
		};
		EC6B5F061A3FE0410051AEBC /* Release */ = {
			isa = XCBuildConfiguration;
			buildSettings = {
				BUNDLE_LOADER = "$(BUILT_PRODUCTS_DIR)/HelloOpenCV.app/HelloOpenCV";
				FRAMEWORK_SEARCH_PATHS = (
					"$(SDKROOT)/Developer/Library/Frameworks",
					"$(inherited)",
					"$(DEVELOPER_FRAMEWORKS_DIR)",
				);
				GCC_PRECOMPILE_PREFIX_HEADER = YES;
				GCC_PREFIX_HEADER = "HelloOpenCV/HelloOpenCV-Prefix.pch";
				INFOPLIST_FILE = "HelloOpenCVTests/HelloOpenCVTests-Info.plist";
				PRODUCT_NAME = "$(TARGET_NAME)";
				TEST_HOST = "$(BUNDLE_LOADER)";
				WRAPPER_EXTENSION = xctest;
			};
			name = Release;
		};
/* End XCBuildConfiguration section */

/* Begin XCConfigurationList section */
		EC6B5ECA1A3FE0410051AEBC /* Build configuration list for PBXProject "HelloOpenCV" */ = {
			isa = XCConfigurationList;
			buildConfigurations = (
				EC6B5EFF1A3FE0410051AEBC /* Debug */,
				EC6B5F001A3FE0410051AEBC /* Release */,
			);
			defaultConfigurationIsVisible = 0;
			defaultConfigurationName = Release;
		};
		EC6B5F011A3FE0410051AEBC /* Build configuration list for PBXNativeTarget "HelloOpenCV" */ = {
			isa = XCConfigurationList;
			buildConfigurations = (
				EC6B5F021A3FE0410051AEBC /* Debug */,
				EC6B5F031A3FE0410051AEBC /* Release */,
			);
			defaultConfigurationIsVisible = 0;
			defaultConfigurationName = Release;
		};
		EC6B5F041A3FE0410051AEBC /* Build configuration list for PBXNativeTarget "HelloOpenCVTests" */ = {
			isa = XCConfigurationList;
			buildConfigurations = (
				EC6B5F051A3FE0410051AEBC /* Debug */,
				EC6B5F061A3FE0410051AEBC /* Release */,
			);
			defaultConfigurationIsVisible = 0;
			defaultConfigurationName = Release;
		};
/* End XCConfigurationList section */
	};
	rootObject = EC6B5EC71A3FE0410051AEBC /* Project object */;
}
